
Microsoft Visual Studio Solution File, Format Version 12.00
# Visual Studio Version 17
VisualStudioVersion = 17.14.36221.1 d17.14
MinimumVisualStudioVersion = 10.0.40219.1
Project("{54A90642-561A-4BB1-A94E-469ADEE60C69}") = "tender-user-interface-react", "Tender-User-Interface-React\tender-user-interface-react.esproj", "{C6A70AEC-EF95-4F57-2DB1-FE6EFE1A0C0D}"
EndProject
Global
	GlobalSection(SolutionConfigurationPlatforms) = preSolution
		Debug|Any CPU = Debug|Any CPU
		Release|Any CPU = Release|Any CPU
	EndGlobalSection
	GlobalSection(ProjectConfigurationPlatforms) = postSolution
		{C6A70AEC-EF95-4F57-2DB1-FE6EFE1A0C0D}.Debug|Any CPU.ActiveCfg = Debug|Any CPU
		{C6A70AEC-EF95-4F57-2DB1-FE6EFE1A0C0D}.Debug|Any CPU.Build.0 = Debug|Any CPU
		{C6A70AEC-EF95-4F57-2DB1-FE6EFE1A0C0D}.Debug|Any CPU.Deploy.0 = Debug|Any CPU
		{C6A70AEC-EF95-4F57-2DB1-FE6EFE1A0C0D}.Release|Any CPU.ActiveCfg = Release|Any CPU
		{C6A70AEC-EF95-4F57-2DB1-FE6EFE1A0C0D}.Release|Any CPU.Build.0 = Release|Any CPU
		{C6A70AEC-EF95-4F57-2DB1-FE6EFE1A0C0D}.Release|Any CPU.Deploy.0 = Release|Any CPU
	EndGlobalSection
	GlobalSection(SolutionProperties) = preSolution
		HideSolutionNode = FALSE
	EndGlobalSection
	GlobalSection(ExtensibilityGlobals) = postSolution
		SolutionGuid = {84478F90-EB82-431B-82FB-1700F9498258}
	EndGlobalSection
EndGlobal
